
Microsoft Visual Studio Solution File, Format Version 12.00
# Visual Studio Version 17
VisualStudioVersion = 17.9.34616.47
MinimumVisualStudioVersion = 10.0.40219.1
Project("{9A19103F-16F7-4668-BE54-9A1E7A4F7556}") = "BlazorDatatables.net", "BlazorDatatables.net.csproj", "{5B7B31D8-E75E-4CA6-9ED3-A1BA8D423A01}"
EndProject
Project("{FAE04EC0-301F-11D3-BF4B-00C04F79EFBC}") = "Backend.Datatables.net", "..\Backend.Datatables.net\Backend.Datatables.net.csproj", "{EDFE68F3-170D-4226-A06F-0BF0E39E689B}"
EndProject
Global
	GlobalSection(SolutionConfigurationPlatforms) = preSolution
		Debug|Any CPU = Debug|Any CPU
		Release|Any CPU = Release|Any CPU
	EndGlobalSection
	GlobalSection(ProjectConfigurationPlatforms) = postSolution
		{5B7B31D8-E75E-4CA6-9ED3-A1BA8D423A01}.Debug|Any CPU.ActiveCfg = Debug|Any CPU
		{5B7B31D8-E75E-4CA6-9ED3-A1BA8D423A01}.Debug|Any CPU.Build.0 = Debug|Any CPU
		{5B7B31D8-E75E-4CA6-9ED3-A1BA8D423A01}.Release|Any CPU.ActiveCfg = Release|Any CPU
		{5B7B31D8-E75E-4CA6-9ED3-A1BA8D423A01}.Release|Any CPU.Build.0 = Release|Any CPU
		{EDFE68F3-170D-4226-A06F-0BF0E39E689B}.Debug|Any CPU.ActiveCfg = Debug|Any CPU
		{EDFE68F3-170D-4226-A06F-0BF0E39E689B}.Debug|Any CPU.Build.0 = Debug|Any CPU
		{EDFE68F3-170D-4226-A06F-0BF0E39E689B}.Release|Any CPU.ActiveCfg = Release|Any CPU
		{EDFE68F3-170D-4226-A06F-0BF0E39E689B}.Release|Any CPU.Build.0 = Release|Any CPU
	EndGlobalSection
	GlobalSection(SolutionProperties) = preSolution
		HideSolutionNode = FALSE
	EndGlobalSection
	GlobalSection(ExtensibilityGlobals) = postSolution
		SolutionGuid = {C2A961E0-1B23-44E1-A286-71429E4C3671}
	EndGlobalSection
EndGlobal
